
Microsoft Visual Studio Solution File, Format Version 11.00
# Visual Studio 2010
Project("{FAE04EC0-301F-11D3-BF4B-00C04F79EFBC}") = "Assembly-CSharp", "Assembly-CSharp.csproj", "{5FFC5EE1-6957-4D98-E3A2-E1C6F24F0518}"
EndProject
Project("{FAE04EC0-301F-11D3-BF4B-00C04F79EFBC}") = "Assembly-CSharp-Editor", "Assembly-CSharp-Editor.csproj", "{D87224CC-CF2D-892B-9D5E-0AFF3AED4F3D}"
EndProject
Global
	GlobalSection(SolutionConfigurationPlatforms) = preSolution
		Debug|Any CPU = Debug|Any CPU
		Release|Any CPU = Release|Any CPU
	EndGlobalSection
	GlobalSection(ProjectConfigurationPlatforms) = postSolution
		{5FFC5EE1-6957-4D98-E3A2-E1C6F24F0518}.Debug|Any CPU.ActiveCfg = Debug|Any CPU
		{5FFC5EE1-6957-4D98-E3A2-E1C6F24F0518}.Debug|Any CPU.Build.0 = Debug|Any CPU
		{5FFC5EE1-6957-4D98-E3A2-E1C6F24F0518}.Release|Any CPU.ActiveCfg = Release|Any CPU
		{5FFC5EE1-6957-4D98-E3A2-E1C6F24F0518}.Release|Any CPU.Build.0 = Release|Any CPU
		{D87224CC-CF2D-892B-9D5E-0AFF3AED4F3D}.Debug|Any CPU.ActiveCfg = Debug|Any CPU
		{D87224CC-CF2D-892B-9D5E-0AFF3AED4F3D}.Debug|Any CPU.Build.0 = Debug|Any CPU
		{D87224CC-CF2D-892B-9D5E-0AFF3AED4F3D}.Release|Any CPU.ActiveCfg = Release|Any CPU
		{D87224CC-CF2D-892B-9D5E-0AFF3AED4F3D}.Release|Any CPU.Build.0 = Release|Any CPU
	EndGlobalSection
	GlobalSection(SolutionProperties) = preSolution
		HideSolutionNode = FALSE
	EndGlobalSection
	GlobalSection(MonoDevelopProperties) = preSolution
		StartupItem = Assembly-CSharp.csproj
	EndGlobalSection
EndGlobal
